{
  "version": 4,
  "terraform_version": "1.11.2",
  "serial": 833,
  "lineage": "1209243a-1259-97c5-d67b-4ac94d26ba25",
  "outputs": {},
  "resources": [
    {
      "module": "module.ecr_repository",
      "mode": "managed",
      "type": "aws_ecr_repository",
      "name": "ecr_repository",
      "provider": "provider[\"registry.terraform.io/hashicorp/aws\"]",
      "instances": [
        {
          "schema_version": 0,
          "attributes": {
            "arn": "arn:aws:ecr:us-east-1:316713592474:repository/meusite-dev-ecr-repository",
            "encryption_configuration": [
              {
                "encryption_type": "AES256",
                "kms_key": ""
              }
            ],
            "force_delete": null,
            "id": "meusite-dev-ecr-repository",
            "image_scanning_configuration": [
              {
                "scan_on_push": false
              }
            ],
            "image_tag_mutability": "MUTABLE",
            "name": "meusite-dev-ecr-repository",
            "registry_id": "316713592474",
            "repository_url": "316713592474.dkr.ecr.us-east-1.amazonaws.com/meusite-dev-ecr-repository",
            "tags": {
              "Environment": "dev",
              "Name": "meusite-dev-ecr-repository",
              "Project": "meusite"
            },
            "tags_all": {
              "Environment": "dev",
              "Name": "meusite-dev-ecr-repository",
              "Project": "meusite"
            },
            "timeouts": null
          },
          "sensitive_attributes": [],
          "private": "eyJlMmJmYjczMC1lY2FhLTExZTYtOGY4OC0zNDM2M2JjN2M0YzAiOnsiZGVsZXRlIjoxMjAwMDAwMDAwMDAwfX0="
        }
      ]
    }
  ],
  "check_results": null
}
